# Generated by pub
# See https://dart.dev/tools/pub/glossary#lockfile
packages:
  capnproto_dart:
    dependency: "direct main"
    description:
      path: "../../../packages/capnproto_dart"
      relative: true
    source: path
    version: "0.1.0"
  capnproto_dart_rpc:
    dependency: "direct main"
    description:
      path: "../../../packages/capnproto_dart_rpc"
      relative: true
    source: path
    version: "0.1.0"
sdks:
  dart: ">=3.7.2 <4.0.0"
